
Microsoft Visual Studio Solution File, Format Version 12.00
# Visual Studio Version 17
VisualStudioVersion = 17.4.33213.308
MinimumVisualStudioVersion = 10.0.40219.1
Project("{FAE04EC0-301F-11D3-BF4B-00C04F79EFBC}") = "AuthAPI", "AuthAPI\AuthAPI.csproj", "{7B4E80A3-9164-417E-A3B2-D28DB70FFE25}"
EndProject
Project("{FAE04EC0-301F-11D3-BF4B-00C04F79EFBC}") = "Auth.DataAcces", "Auth.DataAcces\Auth.DataAcces.csproj", "{BE106276-FFF0-4E12-A049-5F6905B41F38}"
EndProject
Project("{FAE04EC0-301F-11D3-BF4B-00C04F79EFBC}") = "Auth.Application", "Auth.Application\Auth.Application.csproj", "{89C67584-5965-4473-AD0C-18F2BE789214}"
EndProject
Project("{FAE04EC0-301F-11D3-BF4B-00C04F79EFBC}") = "Auth.Core", "Auth.Core\Auth.Core.csproj", "{B495D6BD-877B-4984-B991-3D5A0D7B128E}"
EndProject
Global
	GlobalSection(SolutionConfigurationPlatforms) = preSolution
		Debug|Any CPU = Debug|Any CPU
		Release|Any CPU = Release|Any CPU
	EndGlobalSection
	GlobalSection(ProjectConfigurationPlatforms) = postSolution
		{7B4E80A3-9164-417E-A3B2-D28DB70FFE25}.Debug|Any CPU.ActiveCfg = Debug|Any CPU
		{7B4E80A3-9164-417E-A3B2-D28DB70FFE25}.Debug|Any CPU.Build.0 = Debug|Any CPU
		{7B4E80A3-9164-417E-A3B2-D28DB70FFE25}.Release|Any CPU.ActiveCfg = Release|Any CPU
		{7B4E80A3-9164-417E-A3B2-D28DB70FFE25}.Release|Any CPU.Build.0 = Release|Any CPU
		{BE106276-FFF0-4E12-A049-5F6905B41F38}.Debug|Any CPU.ActiveCfg = Debug|Any CPU
		{BE106276-FFF0-4E12-A049-5F6905B41F38}.Debug|Any CPU.Build.0 = Debug|Any CPU
		{BE106276-FFF0-4E12-A049-5F6905B41F38}.Release|Any CPU.ActiveCfg = Release|Any CPU
		{BE106276-FFF0-4E12-A049-5F6905B41F38}.Release|Any CPU.Build.0 = Release|Any CPU
		{89C67584-5965-4473-AD0C-18F2BE789214}.Debug|Any CPU.ActiveCfg = Debug|Any CPU
		{89C67584-5965-4473-AD0C-18F2BE789214}.Debug|Any CPU.Build.0 = Debug|Any CPU
		{89C67584-5965-4473-AD0C-18F2BE789214}.Release|Any CPU.ActiveCfg = Release|Any CPU
		{89C67584-5965-4473-AD0C-18F2BE789214}.Release|Any CPU.Build.0 = Release|Any CPU
		{B495D6BD-877B-4984-B991-3D5A0D7B128E}.Debug|Any CPU.ActiveCfg = Debug|Any CPU
		{B495D6BD-877B-4984-B991-3D5A0D7B128E}.Debug|Any CPU.Build.0 = Debug|Any CPU
		{B495D6BD-877B-4984-B991-3D5A0D7B128E}.Release|Any CPU.ActiveCfg = Release|Any CPU
		{B495D6BD-877B-4984-B991-3D5A0D7B128E}.Release|Any CPU.Build.0 = Release|Any CPU
	EndGlobalSection
	GlobalSection(SolutionProperties) = preSolution
		HideSolutionNode = FALSE
	EndGlobalSection
	GlobalSection(ExtensibilityGlobals) = postSolution
		SolutionGuid = {039DFCDF-0E47-48D1-984A-C687D6DD2BFE}
	EndGlobalSection
EndGlobal
