
Microsoft Visual Studio Solution File, Format Version 12.00
# Visual Studio Version 17
VisualStudioVersion = 17.4.33213.308
MinimumVisualStudioVersion = 10.0.40219.1
Project("{FAE04EC0-301F-11D3-BF4B-00C04F79EFBC}") = "AuthAPI", "AuthAPI\AuthAPI.csproj", "{7B4E80A3-9164-417E-A3B2-D28DB70FFE25}"
EndProject
Global
	GlobalSection(SolutionConfigurationPlatforms) = preSolution
		Debug|Any CPU = Debug|Any CPU
		Release|Any CPU = Release|Any CPU
	EndGlobalSection
	GlobalSection(ProjectConfigurationPlatforms) = postSolution
		{7B4E80A3-9164-417E-A3B2-D28DB70FFE25}.Debug|Any CPU.ActiveCfg = Debug|Any CPU
		{7B4E80A3-9164-417E-A3B2-D28DB70FFE25}.Debug|Any CPU.Build.0 = Debug|Any CPU
		{7B4E80A3-9164-417E-A3B2-D28DB70FFE25}.Release|Any CPU.ActiveCfg = Release|Any CPU
		{7B4E80A3-9164-417E-A3B2-D28DB70FFE25}.Release|Any CPU.Build.0 = Release|Any CPU
	EndGlobalSection
	GlobalSection(SolutionProperties) = preSolution
		HideSolutionNode = FALSE
	EndGlobalSection
	GlobalSection(ExtensibilityGlobals) = postSolution
		SolutionGuid = {039DFCDF-0E47-48D1-984A-C687D6DD2BFE}
	EndGlobalSection
EndGlobal
